
Microsoft Visual Studio Solution File, Format Version 12.00
# Visual Studio Version 16
VisualStudioVersion = 16.0.31025.194
MinimumVisualStudioVersion = 10.0.40219.1
Project("{FAE04EC0-301F-11D3-BF4B-00C04F79EFBC}") = "TripCalculatorMVC", "TripCalculatorMVC\TripCalculatorMVC.csproj", "{AB996E6E-548E-4E4B-A98B-328449B800A3}"
EndProject
Global
	GlobalSection(SolutionConfigurationPlatforms) = preSolution
		Debug|Any CPU = Debug|Any CPU
		Release|Any CPU = Release|Any CPU
	EndGlobalSection
	GlobalSection(ProjectConfigurationPlatforms) = postSolution
		{AB996E6E-548E-4E4B-A98B-328449B800A3}.Debug|Any CPU.ActiveCfg = Debug|Any CPU
		{AB996E6E-548E-4E4B-A98B-328449B800A3}.Debug|Any CPU.Build.0 = Debug|Any CPU
		{AB996E6E-548E-4E4B-A98B-328449B800A3}.Release|Any CPU.ActiveCfg = Release|Any CPU
		{AB996E6E-548E-4E4B-A98B-328449B800A3}.Release|Any CPU.Build.0 = Release|Any CPU
	EndGlobalSection
	GlobalSection(SolutionProperties) = preSolution
		HideSolutionNode = FALSE
	EndGlobalSection
	GlobalSection(ExtensibilityGlobals) = postSolution
		SolutionGuid = {D0FDC1D4-6D49-409A-BA5B-2B4414D2B516}
	EndGlobalSection
EndGlobal
